PODS:
  - AnalysysAgent (4.5.4):
    - AnalysysAgent/Agent (= 4.5.4)
    - AnalysysAgent/Encrypt (= 4.5.4)
    - AnalysysAgent/Push (= 4.5.4)
    - AnalysysAgent/Visual (= 4.5.4)
  - AnalysysAgent/Agent (4.5.4)
  - AnalysysAgent/Encrypt (4.5.4):
    - AnalysysAgent/Agent
  - AnalysysAgent/Push (4.5.4):
    - AnalysysAgent/Agent
  - AnalysysAgent/Visual (4.5.4):
    - AnalysysAgent/Agent
  - ANSMpaasPlugin (0.0.1):
    - AnalysysAgent
    - NebulaPoseidon
    - NebulaSDK
  - AntUI (1.0.0.201111140724)
  - AntUIShellForMpass (1.0.0.200421105830):
    - AntUI
  - APCommonUI (1.0.0.200729104902):
    - AntUI
  - APConfig (1.0.0.201209103525):
    - APLog
    - APLongLinkService
    - APMobileFramework
    - APMobileNetwork
    - APProtocolBuffers
    - APRemoteLogging
    - mPaas
    - MPDataCenter
  - APLog (3.0.2.201208163740)
  - APLongLinkService (1.0.0.200910205131):
    - APLog
    - APProtocolBuffers
    - mPaas
    - MPDataCenter
  - APMobileFramework (1.0.0.201111140724):
    - APLog
    - APRemoteLogging
    - mPaas
  - APMobileNetwork (1.0.0.200910205131):
    - APOpenSSL
    - APSecurityUtility
    - mPaas
  - APOpenSSL (1.0.0.200228175209)
  - APProtocolBuffers (1.0.1.200228175209)
  - APRemoteLogging (1.0.0.201208163740):
    - APProtocolBuffers
    - mPaas
  - APSecurityUtility (1.2.0.171012202618)
  - AutoTracker (1.0.0.200302154544):
    - APRemoteLogging
    - mPaas
  - Bugly (2.5.71)
  - IQKeyboardManager (6.5.6)
  - Masonry (1.0.0.200406133247)
  - MASSChannel (1.0.0.200228175209):
    - APProtocolBuffers
  - MASSProxy (1.0.0.200228175209):
    - MASSChannel
  - MBProgressHUD (1.2.0)
  - mPaas (1.0.0.201119171452):
    - APLog
  - MPDataCenter (1.0.0.200302154544):
    - mPaas
  - MPMasAdapter (1.0.0.200716143211):
    - APRemoteLogging
  - MPMgsAdapter (1.0.0.200525171627):
    - APMobileNetwork
    - APRemoteLogging
  - MPMpaaSService (1.0.0.200907181226):
    - APLog
    - APLongLinkService
    - APMobileNetwork
    - APProtocolBuffers
    - APRemoteLogging
    - mPaas
  - MPMssAdapter (1.0.0.200525171627):
    - APLongLinkService
    - APRemoteLogging
  - MPNebulaAdapter (1.0.0.201117112551):
    - AntUI
    - APConfig
    - APMobileFramework
    - APMobileNetwork
    - mPaas
    - NebulaAppManager
    - NebulaHeader
    - NebulaKernel
    - NebulaLogging
    - NebulamPaaSBiz
    - NebulaSDK
  - Nebula (1.0.0.200826173452):
    - APMobileFramework
    - APMobileNetwork
    - NebulaKernel
    - NebulaSDK
  - NebulaAppBiz (1.0.0.200929111016):
    - AntUI
    - APConfig
    - APLog
    - APLongLinkService
    - APMobileFramework
    - APMobileNetwork
    - MASSProxy
    - mPaas
    - MPDataCenter
    - Nebula
    - NebulaLogging
    - NebulaSDK
  - NebulaAppManager (1.3.0.200407152548):
    - APLog
  - NebulaBiz (1.0.0.200909151239):
    - AntUI
    - APCommonUI
    - APMobileFramework
    - APRemoteLogging
    - mPaas
    - MPDataCenter
    - Nebula
    - NebulaAppBiz
    - NebulaConfig
    - NebulaKernel
    - NebulaLogging
    - NebulaSecurity
    - NebulaTinyapp
  - NebulaConfig (1.0.0.200929111016):
    - APConfig
    - APMobileFramework
    - mPaas
    - Nebula
  - NebulaHeader (1.0.0.200407094748):
    - APLog
    - NebulaPoseidon
    - NebulaSDK
  - NebulaKernel (1.0.0.200228142526):
    - NebulaPoseidon
  - NebulaLogging (1.0.0.200825182326):
    - APRemoteLogging
    - AutoTracker
    - NebulaSDK
  - NebulamPaaSBiz (1.0.0.200907182133):
    - MPMpaaSService
    - NebulaSDK
  - NebulaNetwork (1.0.0.201117143907):
    - AntUI
    - APMobileFramework
    - APMobileNetwork
    - MASSProxy
    - mPaas
    - MPDataCenter
    - Nebula
    - NebulaLogging
    - NebulaPoseidon
    - NebulaSDK
    - SocketRocket
  - NebulaPoseidon (1.3.0.201208193922):
    - APLog
  - NebulaSDK (1.0.0.201117113713):
    - APLog
    - NebulaAppManager
    - NebulaPoseidon
  - NebulaSecurity (1.0.0.200907181226):
    - APMobileFramework
    - APMobileNetwork
    - mPaas
    - MPDataCenter
    - Nebula
    - NebulaSDK
    - TinyAppCommon
  - NebulaTinyapp (1.0.0.200421110729):
    - Nebula
    - NebulaLogging
    - NebulaSDK
  - SDWebImage (1.0.0.201019140541)
  - SecurityGuardSDK (2.2.3.190326110928)
  - SocketRocket (1.0.0.200811152708)
  - TinyAppCommon (1.0.0.200716151854):
    - AntUI
    - APMobileFramework
    - APMobileNetwork
    - mPaas
    - Nebula
    - NebulaConfig
    - NebulaTinyapp
  - TTTAttributedLabel (1.0.0.200729094531)
  - UTDID (1.0.2.190226130141)

DEPENDENCIES:
  - AnalysysAgent (= 4.5.4)
  - ANSMpaasPlugin (from `../`)
  - AntUI (= 1.0.0.201111140724)
  - AntUIShellForMpass (= 1.0.0.200421105830)
  - APCommonUI (= 1.0.0.200729104902)
  - APConfig (= 1.0.0.201209103525)
  - APLog (= 3.0.2.201208163740)
  - APLongLinkService (= 1.0.0.200910205131)
  - APMobileFramework (= 1.0.0.201111140724)
  - APMobileNetwork (= 1.0.0.200910205131)
  - APOpenSSL (= 1.0.0.200228175209)
  - APProtocolBuffers (= 1.0.1.200228175209)
  - APRemoteLogging (= 1.0.0.201208163740)
  - APSecurityUtility (= 1.2.0.171012202618)
  - AutoTracker (= 1.0.0.200302154544)
  - Bugly
  - IQKeyboardManager
  - Masonry (= 1.0.0.200406133247)
  - MASSChannel (= 1.0.0.200228175209)
  - MASSProxy (= 1.0.0.200228175209)
  - MBProgressHUD
  - mPaas (= 1.0.0.201119171452)
  - MPDataCenter (= 1.0.0.200302154544)
  - MPMasAdapter (= 1.0.0.200716143211)
  - MPMgsAdapter (= 1.0.0.200525171627)
  - MPMpaaSService (= 1.0.0.200907181226)
  - MPMssAdapter (= 1.0.0.200525171627)
  - MPNebulaAdapter (= 1.0.0.201117112551)
  - Nebula (= 1.0.0.200826173452)
  - NebulaAppBiz (= 1.0.0.200929111016)
  - NebulaAppManager (= 1.3.0.200407152548)
  - NebulaBiz (= 1.0.0.200909151239)
  - NebulaConfig (= 1.0.0.200929111016)
  - NebulaHeader (= 1.0.0.200407094748)
  - NebulaKernel (= 1.0.0.200228142526)
  - NebulaLogging (= 1.0.0.200825182326)
  - NebulamPaaSBiz (= 1.0.0.200907182133)
  - NebulaNetwork (= 1.0.0.201117143907)
  - NebulaPoseidon (= 1.3.0.201208193922)
  - NebulaSDK (= 1.0.0.201117113713)
  - NebulaSecurity (= 1.0.0.200907181226)
  - NebulaTinyapp (= 1.0.0.200421110729)
  - SDWebImage (= 1.0.0.201019140541)
  - SecurityGuardSDK (= 2.2.3.190326110928)
  - SocketRocket (= 1.0.0.200811152708)
  - TinyAppCommon (= 1.0.0.200716151854)
  - TTTAttributedLabel (= 1.0.0.200729094531)
  - UTDID (= 1.0.2.190226130141)

SPEC REPOS:
  https://code.aliyun.com/mpaas-public/podspecs.git:
    - AntUI
    - AntUIShellForMpass
    - APCommonUI
    - APConfig
    - APLog
    - APLongLinkService
    - APMobileFramework
    - APMobileNetwork
    - APOpenSSL
    - APProtocolBuffers
    - APRemoteLogging
    - APSecurityUtility
    - AutoTracker
    - Masonry
    - MASSChannel
    - MASSProxy
    - mPaas
    - MPDataCenter
    - MPMasAdapter
    - MPMgsAdapter
    - MPMpaaSService
    - MPMssAdapter
    - MPNebulaAdapter
    - Nebula
    - NebulaAppBiz
    - NebulaAppManager
    - NebulaBiz
    - NebulaConfig
    - NebulaHeader
    - NebulaKernel
    - NebulaLogging
    - NebulamPaaSBiz
    - NebulaNetwork
    - NebulaPoseidon
    - NebulaSDK
    - NebulaSecurity
    - NebulaTinyapp
    - SDWebImage
    - SecurityGuardSDK
    - SocketRocket
    - TinyAppCommon
    - TTTAttributedLabel
    - UTDID
  https://github.com/CocoaPods/Specs.git:
    - AnalysysAgent
    - Bugly
    - IQKeyboardManager
    - MBProgressHUD

EXTERNAL SOURCES:
  ANSMpaasPlugin:
    :path: "../"

SPEC CHECKSUMS:
  AnalysysAgent: c4264e2e4f56fcc90e8634ccae2385fc781b8cf9
  ANSMpaasPlugin: 037311cd1f18f4c72a113f723b73959853e1fc71
  AntUI: 9773bdd0d349a0940e8c111630810cd9a3e72510
  AntUIShellForMpass: 7d9f7f35eab5cdd6d465925603f754993d5b6a2b
  APCommonUI: 4967ef7024dd592ac763b05d1691d7c714b3cadf
  APConfig: e943e8e2c9519062fab1f0c3521fe3c11812ff8b
  APLog: cf88e6fadb42ad7e9651a401a047582837bef879
  APLongLinkService: 771bdd7fe3b1e16cc962207d6f02f0ac719ca970
  APMobileFramework: 22dcf3cdc7554bfd0c2301569a07a6f4581bb469
  APMobileNetwork: a495e0c0bdfab1e9fd92217faa047b86084fa829
  APOpenSSL: 7d57eb90bf69fc8ec68b02e20083e0567e3d9ae6
  APProtocolBuffers: 0d1f69755d848b3be45e8af56a27017aa27853a2
  APRemoteLogging: 7befc0b2b4b544379aaffa4fe37b99e16d3ca46f
  APSecurityUtility: cae80d8bb130d0aa5c447c944218f280fde84efc
  AutoTracker: 1f2a83fafc6fe4da27c94156c08cd936d628c1e2
  Bugly: fd066c75c4a0eca1440f9b6a84bd37d51bfc85ac
  IQKeyboardManager: 2a6e97afdafc7becf0cb17a9a8d795e3a980717f
  Masonry: a7bc2457b0b351ffbe457916ebab6d57865f09a2
  MASSChannel: 9bdeaf811b62b0a70fbd8dc0e4a4f84b14dce07d
  MASSProxy: 49bc3fcf7dd2b9648ed686bb98a16a21f428167c
  MBProgressHUD: 3ee5efcc380f6a79a7cc9b363dd669c5e1ae7406
  mPaas: 7915c77e26502f993a8967ab9c685b767b14d93d
  MPDataCenter: a0fe379407602a56335bb383433784620cdc4ed4
  MPMasAdapter: b2a6a237b4fc211179f9f09c017674fb572deed5
  MPMgsAdapter: ef3af81acc4d34340e5ff2f0878adffdc33d5c1d
  MPMpaaSService: bc61253a521fb16a56f006e6663215aa481a3a52
  MPMssAdapter: cebe6766ecdf0496e3673963d458d221a684fb12
  MPNebulaAdapter: 3a553c8e4dd3fc5ecfa04209e53abdf82f222577
  Nebula: de53ca04250321ba55d9b4cfbc96f5e864172b05
  NebulaAppBiz: 66da39819739f50e55c2ad8a10ce519c54a8a87f
  NebulaAppManager: 4dde35d81bdcf7101ff97d5ec11730e940664549
  NebulaBiz: ecf9acbda6a7ca859d955a437d24ca4da4b717f9
  NebulaConfig: 5e9000c80a671c9444821533bb4ac4b19860083d
  NebulaHeader: 52e2493098c686ea8ea2b92adae7ca7c842c183a
  NebulaKernel: fde0d7ca3817c4c33d4510c993abb0db75aee384
  NebulaLogging: 71ea8ca0764cf35f6dd640aee75a1a6d75557a2c
  NebulamPaaSBiz: 31d88f9b5818cd0b6ab94c526024d1b46d9797e6
  NebulaNetwork: 001358d0728894d4b0160cc627294963b20ac172
  NebulaPoseidon: fe1a5af6ca6682e152a3fb09d7eb06662017e386
  NebulaSDK: a859df44a2d2fceb46ccfbc3b3641a82240ee54e
  NebulaSecurity: 5d75c2b5ae20918eb4bc581ba0e3088db47d04d7
  NebulaTinyapp: ede96df4cb8a4069dc867043617bd7d0b484bde5
  SDWebImage: 87fcba1c612c7476d507d9fa70c25b9603b8704d
  SecurityGuardSDK: 8e41a1e06e55e4a8092f4dd792329a71c25bee00
  SocketRocket: 54c387abefa3f3a089bf42c5d50a8f7fd626b47a
  TinyAppCommon: 95932b8d353a9b505f10309958f5e8a1f084dc5d
  TTTAttributedLabel: c19d50e1e51b7e0489b41f053c283d63d5b8654b
  UTDID: 2c9434763223c4c7eed0ba36d8af4fe3a664eda7

PODFILE CHECKSUM: 74d9dbc6ff1ec0b751e6ae882592b1bb6b1b6440

COCOAPODS: 1.9.3
